Microsoft Visual Studio Solution File, Format Version 12.00
# Visual Studio Version 17
VisualStudioVersion = 17.5.2.0
MinimumVisualStudioVersion = 10.0.40219.1
Project("{FAE04EC0-301F-11D3-BF4B-00C04F79EFBC}") = "NHL_Dashboards", "NHL_Dashboards.csproj", "{AE0E714B-972A-5365-9E18-03A58EDE36DB}"
EndProject
Global
	GlobalSection(SolutionConfigurationPlatforms) = preSolution
		Debug|Any CPU = Debug|Any CPU
		Release|Any CPU = Release|Any CPU
	EndGlobalSection
	GlobalSection(ProjectConfigurationPlatforms) = postSolution
		{AE0E714B-972A-5365-9E18-03A58EDE36DB}.Debug|Any CPU.ActiveCfg = Debug|Any CPU
		{AE0E714B-972A-5365-9E18-03A58EDE36DB}.Debug|Any CPU.Build.0 = Debug|Any CPU
		{AE0E714B-972A-5365-9E18-03A58EDE36DB}.Release|Any CPU.ActiveCfg = Release|Any CPU
		{AE0E714B-972A-5365-9E18-03A58EDE36DB}.Release|Any CPU.Build.0 = Release|Any CPU
	EndGlobalSection
	GlobalSection(SolutionProperties) = preSolution
		HideSolutionNode = FALSE
	EndGlobalSection
	GlobalSection(ExtensibilityGlobals) = postSolution
		SolutionGuid = {D0DC9BC3-7877-4D5E-B330-845C9BE2A8DE}
	EndGlobalSection
EndGlobal
